
Microsoft Visual Studio Solution File, Format Version 12.00
# Visual Studio Version 17
VisualStudioVersion = 17.13.35806.99 d17.13
MinimumVisualStudioVersion = 10.0.40219.1
Project("{00D1A9C2-B5F0-4AF3-8072-F6C62B433612}") = "Ecommece", "Ecommece.sqlproj", "{FBADAD7A-C764-4DA5-BB3C-00D434E251C0}"
EndProject
Global
	GlobalSection(SolutionConfigurationPlatforms) = preSolution
		Debug|Any CPU = Debug|Any CPU
		Release|Any CPU = Release|Any CPU
	EndGlobalSection
	GlobalSection(ProjectConfigurationPlatforms) = postSolution
		{FBADAD7A-C764-4DA5-BB3C-00D434E251C0}.Debug|Any CPU.ActiveCfg = Debug|Any CPU
		{FBADAD7A-C764-4DA5-BB3C-00D434E251C0}.Debug|Any CPU.Build.0 = Debug|Any CPU
		{FBADAD7A-C764-4DA5-BB3C-00D434E251C0}.Debug|Any CPU.Deploy.0 = Debug|Any CPU
		{FBADAD7A-C764-4DA5-BB3C-00D434E251C0}.Release|Any CPU.ActiveCfg = Release|Any CPU
		{FBADAD7A-C764-4DA5-BB3C-00D434E251C0}.Release|Any CPU.Build.0 = Release|Any CPU
		{FBADAD7A-C764-4DA5-BB3C-00D434E251C0}.Release|Any CPU.Deploy.0 = Release|Any CPU
	EndGlobalSection
	GlobalSection(SolutionProperties) = preSolution
		HideSolutionNode = FALSE
	EndGlobalSection
	GlobalSection(ExtensibilityGlobals) = postSolution
		SolutionGuid = {444D5B78-C74B-4864-90BD-570FF5E2402C}
	EndGlobalSection
EndGlobal
